
Microsoft Visual Studio Solution File, Format Version 12.00
# Visual Studio Version 16
VisualStudioVersion = 16.0.30011.22
MinimumVisualStudioVersion = 10.0.40219.1
Project("{8BC9CEB8-8B4A-11D0-8D11-00A0C91BC942}") = "01 BoxApp", "Chapter_6\01 BoxApp\01 BoxApp.vcxproj", "{DF850927-4D32-4F31-94C7-4BE35E7EFC96}"
EndProject
Project("{2150E333-8FDC-42A3-9474-1A3956D46DE8}") = "Chapter_6", "Chapter_6", "{557EB2FE-92F0-432B-A5FC-857F63F98037}"
EndProject
Project("{8BC9CEB8-8B4A-11D0-8D11-00A0C91BC942}") = "02 ShapesApp", "Chapter_6\02 ShapesApp\02 ShapesApp.vcxproj", "{BA41B31E-9AE6-4FD3-9BA5-9E9618238E50}"
EndProject
Project("{8BC9CEB8-8B4A-11D0-8D11-00A0C91BC942}") = "03 WavesApp", "Chapter_6\03 WavesApp\03 WavesApp.vcxproj", "{B5E7EE3C-C0BA-4774-B791-43628A9DAADF}"
EndProject
Project("{8BC9CEB8-8B4A-11D0-8D11-00A0C91BC942}") = "04 Exercise_2", "Chapter_6\04 Exercise_2\04 Exercise_2.vcxproj", "{EE18DF04-1BC1-4FE7-9223-03D598B7B9EF}"
EndProject
Project("{2150E333-8FDC-42A3-9474-1A3956D46DE8}") = "Chapter_7", "Chapter_7", "{C4A45716-5428-429A-BB8A-1D7B3583F6BC}"
EndProject
Project("{8BC9CEB8-8B4A-11D0-8D11-00A0C91BC942}") = "05 WavesLightingApp", "Chapter_7\05 WavesLightingApp\05 WavesLightingApp.vcxproj", "{E1A951AF-ECC0-4758-B22F-EB1EFBFF2CCD}"
EndProject
Project("{8BC9CEB8-8B4A-11D0-8D11-00A0C91BC942}") = "06 ShapesLightingApp", "Chapter_7\06 ShapesLightingApp\06 ShapesLightingApp.vcxproj", "{7C9797E1-D7AF-4124-9C7B-06698988CC70}"
EndProject
Project("{2150E333-8FDC-42A3-9474-1A3956D46DE8}") = "Chapter_8", "Chapter_8", "{0A317ED3-349E-432B-9237-2A99A60956E1}"
EndProject
Project("{8BC9CEB8-8B4A-11D0-8D11-00A0C91BC942}") = "07 CrateApp", "Chapter_8\07 CrateApp\07 CrateApp.vcxproj", "{0B9E1693-1869-4413-89A1-B1E732A7A89D}"
EndProject
Project("{8BC9CEB8-8B4A-11D0-8D11-00A0C91BC942}") = "08 WavesApp", "Chapter_8\08 WavesApp\08 WavesApp.vcxproj", "{19996371-510C-4F2D-A221-84A94446014A}"
EndProject
Project("{8BC9CEB8-8B4A-11D0-8D11-00A0C91BC942}") = "09 Exercise_3", "Chapter_8\09 Exercise_3\09 Exercise_3.vcxproj", "{4618FEC5-03B4-48D0-86A5-3F35116B0ED1}"
EndProject
Project("{8BC9CEB8-8B4A-11D0-8D11-00A0C91BC942}") = "10 Exersice_5", "Chapter_8\10 Exersice_5\10 Exersice_5.vcxproj", "{DA086733-C726-47FE-8E4C-562F79348F87}"
EndProject
Project("{8BC9CEB8-8B4A-11D0-8D11-00A0C91BC942}") = "11 Exercise_7", "Chapter_8\11 Exercise_7\11 Exercise_7.vcxproj", "{1EDC9C34-44D1-4E1F-A9FE-1D9DD197B8C3}"
EndProject
Project("{8BC9CEB8-8B4A-11D0-8D11-00A0C91BC942}") = "12 BlendDemo", "Chapter_9\12 BlendDemo\12 BlendDemo.vcxproj", "{5C4E4153-B85F-457E-864E-D1DCA0B7F2D4}"
EndProject
Project("{2150E333-8FDC-42A3-9474-1A3956D46DE8}") = "Chpater_9", "Chpater_9", "{D082F278-6CB9-405F-9AB1-A4C6EB3B5F51}"
EndProject
Project("{8BC9CEB8-8B4A-11D0-8D11-00A0C91BC942}") = "13 StencilDemo", "Chapter_10\13 StencilDemo\13 StencilDemo.vcxproj", "{EF76A337-9CCE-462B-A5D9-B5551BFEBE91}"
EndProject
Project("{2150E333-8FDC-42A3-9474-1A3956D46DE8}") = "Chapter_10", "Chapter_10", "{7C18959D-1879-4E1D-A93E-3106BE78989A}"
EndProject
Global
	GlobalSection(SolutionConfigurationPlatforms) = preSolution
		Debug|x64 = Debug|x64
		Debug|x86 = Debug|x86
		Release|x64 = Release|x64
		Release|x86 = Release|x86
	EndGlobalSection
	GlobalSection(ProjectConfigurationPlatforms) = postSolution
		{DF850927-4D32-4F31-94C7-4BE35E7EFC96}.Debug|x64.ActiveCfg = Debug|x64
		{DF850927-4D32-4F31-94C7-4BE35E7EFC96}.Debug|x64.Build.0 = Debug|x64
		{DF850927-4D32-4F31-94C7-4BE35E7EFC96}.Debug|x86.ActiveCfg = Debug|Win32
		{DF850927-4D32-4F31-94C7-4BE35E7EFC96}.Debug|x86.Build.0 = Debug|Win32
		{DF850927-4D32-4F31-94C7-4BE35E7EFC96}.Release|x64.ActiveCfg = Release|x64
		{DF850927-4D32-4F31-94C7-4BE35E7EFC96}.Release|x64.Build.0 = Release|x64
		{DF850927-4D32-4F31-94C7-4BE35E7EFC96}.Release|x86.ActiveCfg = Release|Win32
		{DF850927-4D32-4F31-94C7-4BE35E7EFC96}.Release|x86.Build.0 = Release|Win32
		{BA41B31E-9AE6-4FD3-9BA5-9E9618238E50}.Debug|x64.ActiveCfg = Debug|x64
		{BA41B31E-9AE6-4FD3-9BA5-9E9618238E50}.Debug|x64.Build.0 = Debug|x64
		{BA41B31E-9AE6-4FD3-9BA5-9E9618238E50}.Debug|x86.ActiveCfg = Debug|Win32
		{BA41B31E-9AE6-4FD3-9BA5-9E9618238E50}.Debug|x86.Build.0 = Debug|Win32
		{BA41B31E-9AE6-4FD3-9BA5-9E9618238E50}.Release|x64.ActiveCfg = Release|x64
		{BA41B31E-9AE6-4FD3-9BA5-9E9618238E50}.Release|x64.Build.0 = Release|x64
		{BA41B31E-9AE6-4FD3-9BA5-9E9618238E50}.Release|x86.ActiveCfg = Release|Win32
		{BA41B31E-9AE6-4FD3-9BA5-9E9618238E50}.Release|x86.Build.0 = Release|Win32
		{B5E7EE3C-C0BA-4774-B791-43628A9DAADF}.Debug|x64.ActiveCfg = Debug|x64
		{B5E7EE3C-C0BA-4774-B791-43628A9DAADF}.Debug|x64.Build.0 = Debug|x64
		{B5E7EE3C-C0BA-4774-B791-43628A9DAADF}.Debug|x86.ActiveCfg = Debug|Win32
		{B5E7EE3C-C0BA-4774-B791-43628A9DAADF}.Debug|x86.Build.0 = Debug|Win32
		{B5E7EE3C-C0BA-4774-B791-43628A9DAADF}.Release|x64.ActiveCfg = Release|x64
		{B5E7EE3C-C0BA-4774-B791-43628A9DAADF}.Release|x64.Build.0 = Release|x64
		{B5E7EE3C-C0BA-4774-B791-43628A9DAADF}.Release|x86.ActiveCfg = Release|Win32
		{B5E7EE3C-C0BA-4774-B791-43628A9DAADF}.Release|x86.Build.0 = Release|Win32
		{EE18DF04-1BC1-4FE7-9223-03D598B7B9EF}.Debug|x64.ActiveCfg = Debug|x64
		{EE18DF04-1BC1-4FE7-9223-03D598B7B9EF}.Debug|x64.Build.0 = Debug|x64
		{EE18DF04-1BC1-4FE7-9223-03D598B7B9EF}.Debug|x86.ActiveCfg = Debug|Win32
		{EE18DF04-1BC1-4FE7-9223-03D598B7B9EF}.Debug|x86.Build.0 = Debug|Win32
		{EE18DF04-1BC1-4FE7-9223-03D598B7B9EF}.Release|x64.ActiveCfg = Release|x64
		{EE18DF04-1BC1-4FE7-9223-03D598B7B9EF}.Release|x64.Build.0 = Release|x64
		{EE18DF04-1BC1-4FE7-9223-03D598B7B9EF}.Release|x86.ActiveCfg = Release|Win32
		{EE18DF04-1BC1-4FE7-9223-03D598B7B9EF}.Release|x86.Build.0 = Release|Win32
		{E1A951AF-ECC0-4758-B22F-EB1EFBFF2CCD}.Debug|x64.ActiveCfg = Debug|x64
		{E1A951AF-ECC0-4758-B22F-EB1EFBFF2CCD}.Debug|x64.Build.0 = Debug|x64
		{E1A951AF-ECC0-4758-B22F-EB1EFBFF2CCD}.Debug|x86.ActiveCfg = Debug|Win32
		{E1A951AF-ECC0-4758-B22F-EB1EFBFF2CCD}.Debug|x86.Build.0 = Debug|Win32
		{E1A951AF-ECC0-4758-B22F-EB1EFBFF2CCD}.Release|x64.ActiveCfg = Release|x64
		{E1A951AF-ECC0-4758-B22F-EB1EFBFF2CCD}.Release|x64.Build.0 = Release|x64
		{E1A951AF-ECC0-4758-B22F-EB1EFBFF2CCD}.Release|x86.ActiveCfg = Release|Win32
		{E1A951AF-ECC0-4758-B22F-EB1EFBFF2CCD}.Release|x86.Build.0 = Release|Win32
		{7C9797E1-D7AF-4124-9C7B-06698988CC70}.Debug|x64.ActiveCfg = Debug|x64
		{7C9797E1-D7AF-4124-9C7B-06698988CC70}.Debug|x64.Build.0 = Debug|x64
		{7C9797E1-D7AF-4124-9C7B-06698988CC70}.Debug|x86.ActiveCfg = Debug|Win32
		{7C9797E1-D7AF-4124-9C7B-06698988CC70}.Debug|x86.Build.0 = Debug|Win32
		{7C9797E1-D7AF-4124-9C7B-06698988CC70}.Release|x64.ActiveCfg = Release|x64
		{7C9797E1-D7AF-4124-9C7B-06698988CC70}.Release|x64.Build.0 = Release|x64
		{7C9797E1-D7AF-4124-9C7B-06698988CC70}.Release|x86.ActiveCfg = Release|Win32
		{7C9797E1-D7AF-4124-9C7B-06698988CC70}.Release|x86.Build.0 = Release|Win32
		{0B9E1693-1869-4413-89A1-B1E732A7A89D}.Debug|x64.ActiveCfg = Debug|x64
		{0B9E1693-1869-4413-89A1-B1E732A7A89D}.Debug|x64.Build.0 = Debug|x64
		{0B9E1693-1869-4413-89A1-B1E732A7A89D}.Debug|x86.ActiveCfg = Debug|Win32
		{0B9E1693-1869-4413-89A1-B1E732A7A89D}.Debug|x86.Build.0 = Debug|Win32
		{0B9E1693-1869-4413-89A1-B1E732A7A89D}.Release|x64.ActiveCfg = Release|x64
		{0B9E1693-1869-4413-89A1-B1E732A7A89D}.Release|x64.Build.0 = Release|x64
		{0B9E1693-1869-4413-89A1-B1E732A7A89D}.Release|x86.ActiveCfg = Release|Win32
		{0B9E1693-1869-4413-89A1-B1E732A7A89D}.Release|x86.Build.0 = Release|Win32
		{19996371-510C-4F2D-A221-84A94446014A}.Debug|x64.ActiveCfg = Debug|x64
		{19996371-510C-4F2D-A221-84A94446014A}.Debug|x64.Build.0 = Debug|x64
		{19996371-510C-4F2D-A221-84A94446014A}.Debug|x86.ActiveCfg = Debug|Win32
		{19996371-510C-4F2D-A221-84A94446014A}.Debug|x86.Build.0 = Debug|Win32
		{19996371-510C-4F2D-A221-84A94446014A}.Release|x64.ActiveCfg = Release|x64
		{19996371-510C-4F2D-A221-84A94446014A}.Release|x64.Build.0 = Release|x64
		{19996371-510C-4F2D-A221-84A94446014A}.Release|x86.ActiveCfg = Release|Win32
		{19996371-510C-4F2D-A221-84A94446014A}.Release|x86.Build.0 = Release|Win32
		{4618FEC5-03B4-48D0-86A5-3F35116B0ED1}.Debug|x64.ActiveCfg = Debug|x64
		{4618FEC5-03B4-48D0-86A5-3F35116B0ED1}.Debug|x64.Build.0 = Debug|x64
		{4618FEC5-03B4-48D0-86A5-3F35116B0ED1}.Debug|x86.ActiveCfg = Debug|Win32
		{4618FEC5-03B4-48D0-86A5-3F35116B0ED1}.Debug|x86.Build.0 = Debug|Win32
		{4618FEC5-03B4-48D0-86A5-3F35116B0ED1}.Release|x64.ActiveCfg = Release|x64
		{4618FEC5-03B4-48D0-86A5-3F35116B0ED1}.Release|x64.Build.0 = Release|x64
		{4618FEC5-03B4-48D0-86A5-3F35116B0ED1}.Release|x86.ActiveCfg = Release|Win32
		{4618FEC5-03B4-48D0-86A5-3F35116B0ED1}.Release|x86.Build.0 = Release|Win32
		{DA086733-C726-47FE-8E4C-562F79348F87}.Debug|x64.ActiveCfg = Debug|x64
		{DA086733-C726-47FE-8E4C-562F79348F87}.Debug|x64.Build.0 = Debug|x64
		{DA086733-C726-47FE-8E4C-562F79348F87}.Debug|x86.ActiveCfg = Debug|Win32
		{DA086733-C726-47FE-8E4C-562F79348F87}.Debug|x86.Build.0 = Debug|Win32
		{DA086733-C726-47FE-8E4C-562F79348F87}.Release|x64.ActiveCfg = Release|x64
		{DA086733-C726-47FE-8E4C-562F79348F87}.Release|x64.Build.0 = Release|x64
		{DA086733-C726-47FE-8E4C-562F79348F87}.Release|x86.ActiveCfg = Release|Win32
		{DA086733-C726-47FE-8E4C-562F79348F87}.Release|x86.Build.0 = Release|Win32
		{1EDC9C34-44D1-4E1F-A9FE-1D9DD197B8C3}.Debug|x64.ActiveCfg = Debug|x64
		{1EDC9C34-44D1-4E1F-A9FE-1D9DD197B8C3}.Debug|x64.Build.0 = Debug|x64
		{1EDC9C34-44D1-4E1F-A9FE-1D9DD197B8C3}.Debug|x86.ActiveCfg = Debug|Win32
		{1EDC9C34-44D1-4E1F-A9FE-1D9DD197B8C3}.Debug|x86.Build.0 = Debug|Win32
		{1EDC9C34-44D1-4E1F-A9FE-1D9DD197B8C3}.Release|x64.ActiveCfg = Release|x64
		{1EDC9C34-44D1-4E1F-A9FE-1D9DD197B8C3}.Release|x64.Build.0 = Release|x64
		{1EDC9C34-44D1-4E1F-A9FE-1D9DD197B8C3}.Release|x86.ActiveCfg = Release|Win32
		{1EDC9C34-44D1-4E1F-A9FE-1D9DD197B8C3}.Release|x86.Build.0 = Release|Win32
		{5C4E4153-B85F-457E-864E-D1DCA0B7F2D4}.Debug|x64.ActiveCfg = Debug|x64
		{5C4E4153-B85F-457E-864E-D1DCA0B7F2D4}.Debug|x64.Build.0 = Debug|x64
		{5C4E4153-B85F-457E-864E-D1DCA0B7F2D4}.Debug|x86.ActiveCfg = Debug|Win32
		{5C4E4153-B85F-457E-864E-D1DCA0B7F2D4}.Debug|x86.Build.0 = Debug|Win32
		{5C4E4153-B85F-457E-864E-D1DCA0B7F2D4}.Release|x64.ActiveCfg = Release|x64
		{5C4E4153-B85F-457E-864E-D1DCA0B7F2D4}.Release|x64.Build.0 = Release|x64
		{5C4E4153-B85F-457E-864E-D1DCA0B7F2D4}.Release|x86.ActiveCfg = Release|Win32
		{5C4E4153-B85F-457E-864E-D1DCA0B7F2D4}.Release|x86.Build.0 = Release|Win32
		{EF76A337-9CCE-462B-A5D9-B5551BFEBE91}.Debug|x64.ActiveCfg = Debug|x64
		{EF76A337-9CCE-462B-A5D9-B5551BFEBE91}.Debug|x64.Build.0 = Debug|x64
		{EF76A337-9CCE-462B-A5D9-B5551BFEBE91}.Debug|x86.ActiveCfg = Debug|Win32
		{EF76A337-9CCE-462B-A5D9-B5551BFEBE91}.Debug|x86.Build.0 = Debug|Win32
		{EF76A337-9CCE-462B-A5D9-B5551BFEBE91}.Release|x64.ActiveCfg = Release|x64
		{EF76A337-9CCE-462B-A5D9-B5551BFEBE91}.Release|x64.Build.0 = Release|x64
		{EF76A337-9CCE-462B-A5D9-B5551BFEBE91}.Release|x86.ActiveCfg = Release|Win32
		{EF76A337-9CCE-462B-A5D9-B5551BFEBE91}.Release|x86.Build.0 = Release|Win32
	EndGlobalSection
	GlobalSection(SolutionProperties) = preSolution
		HideSolutionNode = FALSE
	EndGlobalSection
	GlobalSection(NestedProjects) = preSolution
		{DF850927-4D32-4F31-94C7-4BE35E7EFC96} = {557EB2FE-92F0-432B-A5FC-857F63F98037}
		{BA41B31E-9AE6-4FD3-9BA5-9E9618238E50} = {557EB2FE-92F0-432B-A5FC-857F63F98037}
		{B5E7EE3C-C0BA-4774-B791-43628A9DAADF} = {557EB2FE-92F0-432B-A5FC-857F63F98037}
		{EE18DF04-1BC1-4FE7-9223-03D598B7B9EF} = {557EB2FE-92F0-432B-A5FC-857F63F98037}
		{E1A951AF-ECC0-4758-B22F-EB1EFBFF2CCD} = {C4A45716-5428-429A-BB8A-1D7B3583F6BC}
		{7C9797E1-D7AF-4124-9C7B-06698988CC70} = {C4A45716-5428-429A-BB8A-1D7B3583F6BC}
		{0B9E1693-1869-4413-89A1-B1E732A7A89D} = {0A317ED3-349E-432B-9237-2A99A60956E1}
		{19996371-510C-4F2D-A221-84A94446014A} = {0A317ED3-349E-432B-9237-2A99A60956E1}
		{4618FEC5-03B4-48D0-86A5-3F35116B0ED1} = {0A317ED3-349E-432B-9237-2A99A60956E1}
		{DA086733-C726-47FE-8E4C-562F79348F87} = {0A317ED3-349E-432B-9237-2A99A60956E1}
		{1EDC9C34-44D1-4E1F-A9FE-1D9DD197B8C3} = {0A317ED3-349E-432B-9237-2A99A60956E1}
		{5C4E4153-B85F-457E-864E-D1DCA0B7F2D4} = {D082F278-6CB9-405F-9AB1-A4C6EB3B5F51}
		{EF76A337-9CCE-462B-A5D9-B5551BFEBE91} = {7C18959D-1879-4E1D-A93E-3106BE78989A}
	EndGlobalSection
	GlobalSection(ExtensibilityGlobals) = postSolution
		SolutionGuid = {2115F6F5-7742-4393-9982-F3BCA02C440B}
	EndGlobalSection
EndGlobal
