
Microsoft Visual Studio Solution File, Format Version 12.00
# Visual Studio Version 16
VisualStudioVersion = 16.0.30011.22
MinimumVisualStudioVersion = 10.0.40219.1
Project("{8BC9CEB8-8B4A-11D0-8D11-00A0C91BC942}") = "01 BoxApp", "Chapter_6\01 BoxApp\01 BoxApp.vcxproj", "{DF850927-4D32-4F31-94C7-4BE35E7EFC96}"
EndProject
Project("{2150E333-8FDC-42A3-9474-1A3956D46DE8}") = "Chapter_6", "Chapter_6", "{557EB2FE-92F0-432B-A5FC-857F63F98037}"
EndProject
Project("{8BC9CEB8-8B4A-11D0-8D11-00A0C91BC942}") = "02 ShapesApp", "Chapter_6\02 ShapesApp\02 ShapesApp.vcxproj", "{BA41B31E-9AE6-4FD3-9BA5-9E9618238E50}"
EndProject
Project("{8BC9CEB8-8B4A-11D0-8D11-00A0C91BC942}") = "03 WavesApp", "Chapter_6\03 WavesApp\03 WavesApp.vcxproj", "{B5E7EE3C-C0BA-4774-B791-43628A9DAADF}"
EndProject
Project("{8BC9CEB8-8B4A-11D0-8D11-00A0C91BC942}") = "04 Exercise_2", "Chapter_6\04 Exercise_2\04 Exercise_2.vcxproj", "{EE18DF04-1BC1-4FE7-9223-03D598B7B9EF}"
EndProject
Project("{2150E333-8FDC-42A3-9474-1A3956D46DE8}") = "Chapter_7", "Chapter_7", "{C4A45716-5428-429A-BB8A-1D7B3583F6BC}"
EndProject
Project("{8BC9CEB8-8B4A-11D0-8D11-00A0C91BC942}") = "05 WavesLightingApp", "Chapter_7\05 WavesLightingApp\05 WavesLightingApp.vcxproj", "{E1A951AF-ECC0-4758-B22F-EB1EFBFF2CCD}"
EndProject
Project("{8BC9CEB8-8B4A-11D0-8D11-00A0C91BC942}") = "06 ShapesLightingApp", "Chapter_7\06 ShapesLightingApp\06 ShapesLightingApp.vcxproj", "{7C9797E1-D7AF-4124-9C7B-06698988CC70}"
EndProject
Global
	GlobalSection(SolutionConfigurationPlatforms) = preSolution
		Debug|x64 = Debug|x64
		Debug|x86 = Debug|x86
		Release|x64 = Release|x64
		Release|x86 = Release|x86
	EndGlobalSection
	GlobalSection(ProjectConfigurationPlatforms) = postSolution
		{DF850927-4D32-4F31-94C7-4BE35E7EFC96}.Debug|x64.ActiveCfg = Debug|x64
		{DF850927-4D32-4F31-94C7-4BE35E7EFC96}.Debug|x64.Build.0 = Debug|x64
		{DF850927-4D32-4F31-94C7-4BE35E7EFC96}.Debug|x86.ActiveCfg = Debug|Win32
		{DF850927-4D32-4F31-94C7-4BE35E7EFC96}.Debug|x86.Build.0 = Debug|Win32
		{DF850927-4D32-4F31-94C7-4BE35E7EFC96}.Release|x64.ActiveCfg = Release|x64
		{DF850927-4D32-4F31-94C7-4BE35E7EFC96}.Release|x64.Build.0 = Release|x64
		{DF850927-4D32-4F31-94C7-4BE35E7EFC96}.Release|x86.ActiveCfg = Release|Win32
		{DF850927-4D32-4F31-94C7-4BE35E7EFC96}.Release|x86.Build.0 = Release|Win32
		{BA41B31E-9AE6-4FD3-9BA5-9E9618238E50}.Debug|x64.ActiveCfg = Debug|x64
		{BA41B31E-9AE6-4FD3-9BA5-9E9618238E50}.Debug|x64.Build.0 = Debug|x64
		{BA41B31E-9AE6-4FD3-9BA5-9E9618238E50}.Debug|x86.ActiveCfg = Debug|Win32
		{BA41B31E-9AE6-4FD3-9BA5-9E9618238E50}.Debug|x86.Build.0 = Debug|Win32
		{BA41B31E-9AE6-4FD3-9BA5-9E9618238E50}.Release|x64.ActiveCfg = Release|x64
		{BA41B31E-9AE6-4FD3-9BA5-9E9618238E50}.Release|x64.Build.0 = Release|x64
		{BA41B31E-9AE6-4FD3-9BA5-9E9618238E50}.Release|x86.ActiveCfg = Release|Win32
		{BA41B31E-9AE6-4FD3-9BA5-9E9618238E50}.Release|x86.Build.0 = Release|Win32
		{B5E7EE3C-C0BA-4774-B791-43628A9DAADF}.Debug|x64.ActiveCfg = Debug|x64
		{B5E7EE3C-C0BA-4774-B791-43628A9DAADF}.Debug|x64.Build.0 = Debug|x64
		{B5E7EE3C-C0BA-4774-B791-43628A9DAADF}.Debug|x86.ActiveCfg = Debug|Win32
		{B5E7EE3C-C0BA-4774-B791-43628A9DAADF}.Debug|x86.Build.0 = Debug|Win32
		{B5E7EE3C-C0BA-4774-B791-43628A9DAADF}.Release|x64.ActiveCfg = Release|x64
		{B5E7EE3C-C0BA-4774-B791-43628A9DAADF}.Release|x64.Build.0 = Release|x64
		{B5E7EE3C-C0BA-4774-B791-43628A9DAADF}.Release|x86.ActiveCfg = Release|Win32
		{B5E7EE3C-C0BA-4774-B791-43628A9DAADF}.Release|x86.Build.0 = Release|Win32
		{EE18DF04-1BC1-4FE7-9223-03D598B7B9EF}.Debug|x64.ActiveCfg = Debug|x64
		{EE18DF04-1BC1-4FE7-9223-03D598B7B9EF}.Debug|x64.Build.0 = Debug|x64
		{EE18DF04-1BC1-4FE7-9223-03D598B7B9EF}.Debug|x86.ActiveCfg = Debug|Win32
		{EE18DF04-1BC1-4FE7-9223-03D598B7B9EF}.Debug|x86.Build.0 = Debug|Win32
		{EE18DF04-1BC1-4FE7-9223-03D598B7B9EF}.Release|x64.ActiveCfg = Release|x64
		{EE18DF04-1BC1-4FE7-9223-03D598B7B9EF}.Release|x64.Build.0 = Release|x64
		{EE18DF04-1BC1-4FE7-9223-03D598B7B9EF}.Release|x86.ActiveCfg = Release|Win32
		{EE18DF04-1BC1-4FE7-9223-03D598B7B9EF}.Release|x86.Build.0 = Release|Win32
		{E1A951AF-ECC0-4758-B22F-EB1EFBFF2CCD}.Debug|x64.ActiveCfg = Debug|x64
		{E1A951AF-ECC0-4758-B22F-EB1EFBFF2CCD}.Debug|x64.Build.0 = Debug|x64
		{E1A951AF-ECC0-4758-B22F-EB1EFBFF2CCD}.Debug|x86.ActiveCfg = Debug|Win32
		{E1A951AF-ECC0-4758-B22F-EB1EFBFF2CCD}.Debug|x86.Build.0 = Debug|Win32
		{E1A951AF-ECC0-4758-B22F-EB1EFBFF2CCD}.Release|x64.ActiveCfg = Release|x64
		{E1A951AF-ECC0-4758-B22F-EB1EFBFF2CCD}.Release|x64.Build.0 = Release|x64
		{E1A951AF-ECC0-4758-B22F-EB1EFBFF2CCD}.Release|x86.ActiveCfg = Release|Win32
		{E1A951AF-ECC0-4758-B22F-EB1EFBFF2CCD}.Release|x86.Build.0 = Release|Win32
		{7C9797E1-D7AF-4124-9C7B-06698988CC70}.Debug|x64.ActiveCfg = Debug|x64
		{7C9797E1-D7AF-4124-9C7B-06698988CC70}.Debug|x64.Build.0 = Debug|x64
		{7C9797E1-D7AF-4124-9C7B-06698988CC70}.Debug|x86.ActiveCfg = Debug|Win32
		{7C9797E1-D7AF-4124-9C7B-06698988CC70}.Debug|x86.Build.0 = Debug|Win32
		{7C9797E1-D7AF-4124-9C7B-06698988CC70}.Release|x64.ActiveCfg = Release|x64
		{7C9797E1-D7AF-4124-9C7B-06698988CC70}.Release|x64.Build.0 = Release|x64
		{7C9797E1-D7AF-4124-9C7B-06698988CC70}.Release|x86.ActiveCfg = Release|Win32
		{7C9797E1-D7AF-4124-9C7B-06698988CC70}.Release|x86.Build.0 = Release|Win32
	EndGlobalSection
	GlobalSection(SolutionProperties) = preSolution
		HideSolutionNode = FALSE
	EndGlobalSection
	GlobalSection(NestedProjects) = preSolution
		{DF850927-4D32-4F31-94C7-4BE35E7EFC96} = {557EB2FE-92F0-432B-A5FC-857F63F98037}
		{BA41B31E-9AE6-4FD3-9BA5-9E9618238E50} = {557EB2FE-92F0-432B-A5FC-857F63F98037}
		{B5E7EE3C-C0BA-4774-B791-43628A9DAADF} = {557EB2FE-92F0-432B-A5FC-857F63F98037}
		{EE18DF04-1BC1-4FE7-9223-03D598B7B9EF} = {557EB2FE-92F0-432B-A5FC-857F63F98037}
		{E1A951AF-ECC0-4758-B22F-EB1EFBFF2CCD} = {C4A45716-5428-429A-BB8A-1D7B3583F6BC}
		{7C9797E1-D7AF-4124-9C7B-06698988CC70} = {C4A45716-5428-429A-BB8A-1D7B3583F6BC}
	EndGlobalSection
	GlobalSection(ExtensibilityGlobals) = postSolution
		SolutionGuid = {2115F6F5-7742-4393-9982-F3BCA02C440B}
	EndGlobalSection
EndGlobal
